
Microsoft Visual Studio Solution File, Format Version 12.00
Project("{2150E333-8FDC-42A3-9474-1A3956D46DE8}") = "src", "src", "{4DB1C8DA-926C-49F6-AF47-ECD1CFC17571}"
EndProject
Project("{2150E333-8FDC-42A3-9474-1A3956D46DE8}") = "Services", "Services", "{D377A727-A094-40A0-A621-544F58EEF961}"
EndProject
Project("{2150E333-8FDC-42A3-9474-1A3956D46DE8}") = "BuildingBlocks", "BuildingBlocks", "{689B6DA6-4404-4AD6-A87F-08B31C31D569}"
EndProject
Project("{2150E333-8FDC-42A3-9474-1A3956D46DE8}") = "Expenses", "Expenses", "{15E9E22C-CF9C-45EA-84D1-57C6ED45393A}"
EndProject
Project("{FAE04EC0-301F-11D3-BF4B-00C04F79EFBC}") = "Expenses.Api", "src\Services\Expenses\Expenses.Api\Expenses.Api.csproj", "{B7DE1405-F29B-489D-85B5-BF43E5694212}"
EndProject
Project("{2150E333-8FDC-42A3-9474-1A3956D46DE8}") = "Notifications", "Notifications", "{6E68507D-F03B-431B-A3FD-4C32796EE7BB}"
EndProject
Project("{FAE04EC0-301F-11D3-BF4B-00C04F79EFBC}") = "Notifications.Api", "src\Services\Notifications\Notifications.Api\Notifications.Api.csproj", "{CFCB55F4-91FA-4607-9D1E-2F1A8722BB5E}"
EndProject
Project("{2150E333-8FDC-42A3-9474-1A3956D46DE8}") = "Solution Items", "Solution Items", "{AAB4FA1D-6963-4793-831E-172EFE2C4FE5}"
	ProjectSection(SolutionItems) = preProject
		compose.yaml = compose.yaml
	EndProjectSection
EndProject
Project("{2150E333-8FDC-42A3-9474-1A3956D46DE8}") = "NotificationCore", "NotificationCore", "{F7EB581B-E971-430B-84B3-0669C5FDAB75}"
EndProject
Project("{FAE04EC0-301F-11D3-BF4B-00C04F79EFBC}") = "NotificationCore", "src\BuildingBlocks\NotificationCore\NotificationCore\NotificationCore.csproj", "{5DFD23EF-14EB-465F-83A2-472A4DFAE79C}"
EndProject
Project("{FAE04EC0-301F-11D3-BF4B-00C04F79EFBC}") = "NotificationCore.Telegram", "src\BuildingBlocks\NotificationCore\NotificationCore.Telegram\NotificationCore.Telegram.csproj", "{3112FBEE-C160-447C-AFD6-DA80054AE986}"
EndProject
Project("{2150E333-8FDC-42A3-9474-1A3956D46DE8}") = "EventBus", "EventBus", "{64DAC21B-5974-4BAD-9EC9-FF555733CD5E}"
EndProject
Project("{FAE04EC0-301F-11D3-BF4B-00C04F79EFBC}") = "EventBus", "src\BuildingBlocks\EventBus\EventBus\EventBus.csproj", "{9F4AD56B-DC03-4115-AD81-3FAA8BADCB53}"
EndProject
Project("{FAE04EC0-301F-11D3-BF4B-00C04F79EFBC}") = "EventBus.RabbitMQ", "src\BuildingBlocks\EventBus\EventBus.RabbitMQ\EventBus.RabbitMQ.csproj", "{40E1AA08-23E0-41B2-AEBC-F93EC005090A}"
EndProject
Global
	GlobalSection(SolutionConfigurationPlatforms) = preSolution
		Debug|Any CPU = Debug|Any CPU
		Release|Any CPU = Release|Any CPU
	EndGlobalSection
	GlobalSection(NestedProjects) = preSolution
		{D377A727-A094-40A0-A621-544F58EEF961} = {4DB1C8DA-926C-49F6-AF47-ECD1CFC17571}
		{689B6DA6-4404-4AD6-A87F-08B31C31D569} = {4DB1C8DA-926C-49F6-AF47-ECD1CFC17571}
		{15E9E22C-CF9C-45EA-84D1-57C6ED45393A} = {D377A727-A094-40A0-A621-544F58EEF961}
		{B7DE1405-F29B-489D-85B5-BF43E5694212} = {15E9E22C-CF9C-45EA-84D1-57C6ED45393A}
		{6E68507D-F03B-431B-A3FD-4C32796EE7BB} = {D377A727-A094-40A0-A621-544F58EEF961}
		{CFCB55F4-91FA-4607-9D1E-2F1A8722BB5E} = {6E68507D-F03B-431B-A3FD-4C32796EE7BB}
		{F7EB581B-E971-430B-84B3-0669C5FDAB75} = {689B6DA6-4404-4AD6-A87F-08B31C31D569}
		{5DFD23EF-14EB-465F-83A2-472A4DFAE79C} = {F7EB581B-E971-430B-84B3-0669C5FDAB75}
		{3112FBEE-C160-447C-AFD6-DA80054AE986} = {F7EB581B-E971-430B-84B3-0669C5FDAB75}
		{64DAC21B-5974-4BAD-9EC9-FF555733CD5E} = {689B6DA6-4404-4AD6-A87F-08B31C31D569}
		{9F4AD56B-DC03-4115-AD81-3FAA8BADCB53} = {64DAC21B-5974-4BAD-9EC9-FF555733CD5E}
		{40E1AA08-23E0-41B2-AEBC-F93EC005090A} = {64DAC21B-5974-4BAD-9EC9-FF555733CD5E}
	EndGlobalSection
	GlobalSection(ProjectConfigurationPlatforms) = postSolution
		{B7DE1405-F29B-489D-85B5-BF43E5694212}.Debug|Any CPU.ActiveCfg = Debug|Any CPU
		{B7DE1405-F29B-489D-85B5-BF43E5694212}.Debug|Any CPU.Build.0 = Debug|Any CPU
		{B7DE1405-F29B-489D-85B5-BF43E5694212}.Release|Any CPU.ActiveCfg = Release|Any CPU
		{B7DE1405-F29B-489D-85B5-BF43E5694212}.Release|Any CPU.Build.0 = Release|Any CPU
		{CFCB55F4-91FA-4607-9D1E-2F1A8722BB5E}.Debug|Any CPU.ActiveCfg = Debug|Any CPU
		{CFCB55F4-91FA-4607-9D1E-2F1A8722BB5E}.Debug|Any CPU.Build.0 = Debug|Any CPU
		{CFCB55F4-91FA-4607-9D1E-2F1A8722BB5E}.Release|Any CPU.ActiveCfg = Release|Any CPU
		{CFCB55F4-91FA-4607-9D1E-2F1A8722BB5E}.Release|Any CPU.Build.0 = Release|Any CPU
		{5DFD23EF-14EB-465F-83A2-472A4DFAE79C}.Debug|Any CPU.ActiveCfg = Debug|Any CPU
		{5DFD23EF-14EB-465F-83A2-472A4DFAE79C}.Debug|Any CPU.Build.0 = Debug|Any CPU
		{5DFD23EF-14EB-465F-83A2-472A4DFAE79C}.Release|Any CPU.ActiveCfg = Release|Any CPU
		{5DFD23EF-14EB-465F-83A2-472A4DFAE79C}.Release|Any CPU.Build.0 = Release|Any CPU
		{3112FBEE-C160-447C-AFD6-DA80054AE986}.Debug|Any CPU.ActiveCfg = Debug|Any CPU
		{3112FBEE-C160-447C-AFD6-DA80054AE986}.Debug|Any CPU.Build.0 = Debug|Any CPU
		{3112FBEE-C160-447C-AFD6-DA80054AE986}.Release|Any CPU.ActiveCfg = Release|Any CPU
		{3112FBEE-C160-447C-AFD6-DA80054AE986}.Release|Any CPU.Build.0 = Release|Any CPU
		{9F4AD56B-DC03-4115-AD81-3FAA8BADCB53}.Debug|Any CPU.ActiveCfg = Debug|Any CPU
		{9F4AD56B-DC03-4115-AD81-3FAA8BADCB53}.Debug|Any CPU.Build.0 = Debug|Any CPU
		{9F4AD56B-DC03-4115-AD81-3FAA8BADCB53}.Release|Any CPU.ActiveCfg = Release|Any CPU
		{9F4AD56B-DC03-4115-AD81-3FAA8BADCB53}.Release|Any CPU.Build.0 = Release|Any CPU
		{40E1AA08-23E0-41B2-AEBC-F93EC005090A}.Debug|Any CPU.ActiveCfg = Debug|Any CPU
		{40E1AA08-23E0-41B2-AEBC-F93EC005090A}.Debug|Any CPU.Build.0 = Debug|Any CPU
		{40E1AA08-23E0-41B2-AEBC-F93EC005090A}.Release|Any CPU.ActiveCfg = Release|Any CPU
		{40E1AA08-23E0-41B2-AEBC-F93EC005090A}.Release|Any CPU.Build.0 = Release|Any CPU
	EndGlobalSection
EndGlobal
